
Microsoft Visual Studio Solution File, Format Version 12.00
# Visual Studio Version 17
VisualStudioVersion = 17.13.35913.81
MinimumVisualStudioVersion = 10.0.40219.1
Project("{2150E333-8FDC-42A3-9474-1A3956D46DE8}") = "Solution Items", "Solution Items", "{02EA681E-C7D8-13C7-8484-4AC65E1B71E8}"
	ProjectSection(SolutionItems) = preProject
		ServiceUrls.txt = ServiceUrls.txt
	EndProjectSection
EndProject
Project("{2150E333-8FDC-42A3-9474-1A3956D46DE8}") = "src", "src", "{B73200FA-042A-458A-B0C5-F109643DF50A}"
EndProject
Project("{2150E333-8FDC-42A3-9474-1A3956D46DE8}") = "ApiGateways", "ApiGateways", "{B15D3075-B4D7-44CA-9B5A-3905C6C27177}"
EndProject
Project("{2150E333-8FDC-42A3-9474-1A3956D46DE8}") = "BuildingBlocks", "BuildingBlocks", "{B5324B3E-653C-4DC1-A443-8688A422A6E1}"
EndProject
Project("{2150E333-8FDC-42A3-9474-1A3956D46DE8}") = "Services", "Services", "{056D0F2F-D4ED-4FFD-89ED-1DC0E4A82904}"
EndProject
Project("{2150E333-8FDC-42A3-9474-1A3956D46DE8}") = "Clients", "Clients", "{C2AA81E4-8FA3-4872-AC0C-258328CBAC12}"
EndProject
Project("{2150E333-8FDC-42A3-9474-1A3956D46DE8}") = "WebApiGateway", "WebApiGateway", "{A937CF49-BC92-4523-81E4-3E485984B0D1}"
EndProject
Project("{FAE04EC0-301F-11D3-BF4B-00C04F79EFBC}") = "Web.ApiGateway", "src\ApiGateways\WebApiGateway\Web.ApiGateway\Web.ApiGateway.csproj", "{811E7D22-5B23-486D-AEA4-F16D99AC79B7}"
EndProject
Project("{2150E333-8FDC-42A3-9474-1A3956D46DE8}") = "EventBus", "EventBus", "{584AD720-6C62-4187-BE01-6EEB1A0DA458}"
EndProject
Project("{FAE04EC0-301F-11D3-BF4B-00C04F79EFBC}") = "EventBus.Base", "src\BuildingBlocks\EventBus\EventBus.Base\EventBus.Base.csproj", "{D90D4CF0-46E7-42BC-B690-E3EA7822F2F6}"
EndProject
Project("{FAE04EC0-301F-11D3-BF4B-00C04F79EFBC}") = "EventBus.Factory", "src\BuildingBlocks\EventBus\EventBus.Factory\EventBus.Factory.csproj", "{9B8F1105-C54B-4F3D-B2A5-F6FA1E54F2CE}"
EndProject
Project("{FAE04EC0-301F-11D3-BF4B-00C04F79EFBC}") = "EventBus.AzureServiceBus", "src\BuildingBlocks\EventBus\EventBus.AzureServiceBus\EventBus.AzureServiceBus.csproj", "{249564F9-5329-4F63-8D6A-844B7CF3B093}"
EndProject
Project("{FAE04EC0-301F-11D3-BF4B-00C04F79EFBC}") = "EventBus.RabbitMQ", "src\BuildingBlocks\EventBus\EventBus.RabbitMQ\EventBus.RabbitMQ.csproj", "{C2BE7618-1208-41E8-8662-3FD42DDCFEF5}"
EndProject
Project("{2150E333-8FDC-42A3-9474-1A3956D46DE8}") = "BasketService", "BasketService", "{E306CA1F-63A9-473D-9A63-DD3A7D639370}"
EndProject
Project("{FAE04EC0-301F-11D3-BF4B-00C04F79EFBC}") = "BasketService.Api", "src\Services\BasketService\BasketService.Api\BasketService.Api.csproj", "{8C97878E-7B50-4341-9D99-5CDB9641D114}"
EndProject
Project("{2150E333-8FDC-42A3-9474-1A3956D46DE8}") = "CatalogService", "CatalogService", "{F7AB02BE-1FCE-48FD-9B11-888CB7C2EEFD}"
EndProject
Project("{FAE04EC0-301F-11D3-BF4B-00C04F79EFBC}") = "CatalogService.Api", "src\Services\CatalogService\CatalogService.Api\CatalogService.Api.csproj", "{538A219F-3804-4802-AB1F-D0B9ED3519EF}"
EndProject
Project("{2150E333-8FDC-42A3-9474-1A3956D46DE8}") = "IdentityService", "IdentityService", "{BDDC39FF-FE52-4A2A-BD99-7C467660D12F}"
EndProject
Project("{FAE04EC0-301F-11D3-BF4B-00C04F79EFBC}") = "IdentityService.Api", "src\Services\IdentityService\IdentityService.Api\IdentityService.Api.csproj", "{5395EF70-A796-4EE9-99AE-81F1DDC06EF7}"
EndProject
Project("{2150E333-8FDC-42A3-9474-1A3956D46DE8}") = "NotificationService", "NotificationService", "{DCF50A76-7B18-4660-9D56-86C995F86BB9}"
EndProject
Project("{FAE04EC0-301F-11D3-BF4B-00C04F79EFBC}") = "NotificationService", "src\Services\NotificationService\NotificationService\NotificationService.csproj", "{A0AA08DC-656F-4C17-BB6E-5E6D064398CB}"
EndProject
Project("{2150E333-8FDC-42A3-9474-1A3956D46DE8}") = "OrderService", "OrderService", "{9035E34D-C352-4ACD-9998-5CBCEE30BC80}"
EndProject
Project("{FAE04EC0-301F-11D3-BF4B-00C04F79EFBC}") = "OrderService.Domain", "src\Services\OrderService\OrderService.Domain\OrderService.Domain.csproj", "{DAC6975A-3D90-448A-9E21-81FFAB4A7C96}"
EndProject
Project("{FAE04EC0-301F-11D3-BF4B-00C04F79EFBC}") = "OrderService.Application", "src\Services\OrderService\OrderService.Application\OrderService.Application.csproj", "{99E09CC2-013E-4465-A92F-F19A6945B0F5}"
EndProject
Project("{FAE04EC0-301F-11D3-BF4B-00C04F79EFBC}") = "OrderService.Infrastructure", "src\Services\OrderService\OrderService.Infrastructure\OrderService.Infrastructure.csproj", "{735350C4-B8E1-4F7F-97B3-8790FF24E8CC}"
EndProject
Project("{FAE04EC0-301F-11D3-BF4B-00C04F79EFBC}") = "OrderService.Api", "src\Services\OrderService\OrderService.Api\OrderService.Api.csproj", "{EEF3AAFE-FF91-4289-A119-617A70109CCA}"
EndProject
Project("{2150E333-8FDC-42A3-9474-1A3956D46DE8}") = "PaymentService", "PaymentService", "{09D8294F-14C9-436F-BD2C-FA7AC17EC60C}"
EndProject
Project("{FAE04EC0-301F-11D3-BF4B-00C04F79EFBC}") = "PaymentService.Api", "src\Services\PaymentService\PaymentService.Api\PaymentService.Api.csproj", "{E53C0328-61F6-4EC3-B127-BB7462B8D747}"
EndProject
Project("{2150E333-8FDC-42A3-9474-1A3956D46DE8}") = "tests", "tests", "{A3FDDF2D-E8DD-4243-AC3D-560CCD5F9B99}"
EndProject
Project("{2150E333-8FDC-42A3-9474-1A3956D46DE8}") = "BuildingBlocks", "BuildingBlocks", "{4AB95A78-D155-449E-A58F-2082E4CED212}"
EndProject
Project("{FAE04EC0-301F-11D3-BF4B-00C04F79EFBC}") = "EventBus.UnitTest", "tests\BuildingBlocks\EventBus.UnitTest\EventBus.UnitTest.csproj", "{3E0DFE6B-E1C0-4501-8B55-2D72500D1731}"
EndProject
Project("{2150E333-8FDC-42A3-9474-1A3956D46DE8}") = "docker-compose-files", "docker-compose-files", "{E4F6BCEC-8992-452C-8F6E-84BEBF1832FC}"
EndProject
Project("{2150E333-8FDC-42A3-9474-1A3956D46DE8}") = "consul", "consul", "{E8DA49CC-27C5-41F0-AA85-1983D6664AD1}"
	ProjectSection(SolutionItems) = preProject
		docker-compose-files\consul\docker-compose.yml = docker-compose-files\consul\docker-compose.yml
	EndProjectSection
EndProject
Project("{2150E333-8FDC-42A3-9474-1A3956D46DE8}") = "rabbitmq", "rabbitmq", "{F56E1F76-A475-4C62-B703-EBBE013E90F4}"
	ProjectSection(SolutionItems) = preProject
		docker-compose-files\rabbitmq\docker-compose.yml = docker-compose-files\rabbitmq\docker-compose.yml
	EndProjectSection
EndProject
Project("{2150E333-8FDC-42A3-9474-1A3956D46DE8}") = "redis", "redis", "{4986ADC5-8255-4A9E-835F-C1A2E6C70F29}"
	ProjectSection(SolutionItems) = preProject
		docker-compose-files\redis\docker-compose.yml = docker-compose-files\redis\docker-compose.yml
	EndProjectSection
EndProject
Project("{2150E333-8FDC-42A3-9474-1A3956D46DE8}") = "sqlserver", "sqlserver", "{FFF500E5-0691-4F02-8867-D3097FEEB451}"
	ProjectSection(SolutionItems) = preProject
		docker-compose-files\sqlserver\docker-compose.yml = docker-compose-files\sqlserver\docker-compose.yml
	EndProjectSection
EndProject
Project("{2150E333-8FDC-42A3-9474-1A3956D46DE8}") = "WebApp", "WebApp", "{85B5D880-1BEC-45EF-8048-2616134B1078}"
EndProject
Global
	GlobalSection(SolutionConfigurationPlatforms) = preSolution
		Debug|Any CPU = Debug|Any CPU
		Release|Any CPU = Release|Any CPU
	EndGlobalSection
	GlobalSection(ProjectConfigurationPlatforms) = postSolution
		{811E7D22-5B23-486D-AEA4-F16D99AC79B7}.Debug|Any CPU.ActiveCfg = Debug|Any CPU
		{811E7D22-5B23-486D-AEA4-F16D99AC79B7}.Debug|Any CPU.Build.0 = Debug|Any CPU
		{811E7D22-5B23-486D-AEA4-F16D99AC79B7}.Release|Any CPU.ActiveCfg = Release|Any CPU
		{811E7D22-5B23-486D-AEA4-F16D99AC79B7}.Release|Any CPU.Build.0 = Release|Any CPU
		{D90D4CF0-46E7-42BC-B690-E3EA7822F2F6}.Debug|Any CPU.ActiveCfg = Debug|Any CPU
		{D90D4CF0-46E7-42BC-B690-E3EA7822F2F6}.Debug|Any CPU.Build.0 = Debug|Any CPU
		{D90D4CF0-46E7-42BC-B690-E3EA7822F2F6}.Release|Any CPU.ActiveCfg = Release|Any CPU
		{D90D4CF0-46E7-42BC-B690-E3EA7822F2F6}.Release|Any CPU.Build.0 = Release|Any CPU
		{9B8F1105-C54B-4F3D-B2A5-F6FA1E54F2CE}.Debug|Any CPU.ActiveCfg = Debug|Any CPU
		{9B8F1105-C54B-4F3D-B2A5-F6FA1E54F2CE}.Debug|Any CPU.Build.0 = Debug|Any CPU
		{9B8F1105-C54B-4F3D-B2A5-F6FA1E54F2CE}.Release|Any CPU.ActiveCfg = Release|Any CPU
		{9B8F1105-C54B-4F3D-B2A5-F6FA1E54F2CE}.Release|Any CPU.Build.0 = Release|Any CPU
		{249564F9-5329-4F63-8D6A-844B7CF3B093}.Debug|Any CPU.ActiveCfg = Debug|Any CPU
		{249564F9-5329-4F63-8D6A-844B7CF3B093}.Debug|Any CPU.Build.0 = Debug|Any CPU
		{249564F9-5329-4F63-8D6A-844B7CF3B093}.Release|Any CPU.ActiveCfg = Release|Any CPU
		{249564F9-5329-4F63-8D6A-844B7CF3B093}.Release|Any CPU.Build.0 = Release|Any CPU
		{C2BE7618-1208-41E8-8662-3FD42DDCFEF5}.Debug|Any CPU.ActiveCfg = Debug|Any CPU
		{C2BE7618-1208-41E8-8662-3FD42DDCFEF5}.Debug|Any CPU.Build.0 = Debug|Any CPU
		{C2BE7618-1208-41E8-8662-3FD42DDCFEF5}.Release|Any CPU.ActiveCfg = Release|Any CPU
		{C2BE7618-1208-41E8-8662-3FD42DDCFEF5}.Release|Any CPU.Build.0 = Release|Any CPU
		{8C97878E-7B50-4341-9D99-5CDB9641D114}.Debug|Any CPU.ActiveCfg = Debug|Any CPU
		{8C97878E-7B50-4341-9D99-5CDB9641D114}.Debug|Any CPU.Build.0 = Debug|Any CPU
		{8C97878E-7B50-4341-9D99-5CDB9641D114}.Release|Any CPU.ActiveCfg = Release|Any CPU
		{8C97878E-7B50-4341-9D99-5CDB9641D114}.Release|Any CPU.Build.0 = Release|Any CPU
		{538A219F-3804-4802-AB1F-D0B9ED3519EF}.Debug|Any CPU.ActiveCfg = Debug|Any CPU
		{538A219F-3804-4802-AB1F-D0B9ED3519EF}.Debug|Any CPU.Build.0 = Debug|Any CPU
		{538A219F-3804-4802-AB1F-D0B9ED3519EF}.Release|Any CPU.ActiveCfg = Release|Any CPU
		{538A219F-3804-4802-AB1F-D0B9ED3519EF}.Release|Any CPU.Build.0 = Release|Any CPU
		{5395EF70-A796-4EE9-99AE-81F1DDC06EF7}.Debug|Any CPU.ActiveCfg = Debug|Any CPU
		{5395EF70-A796-4EE9-99AE-81F1DDC06EF7}.Debug|Any CPU.Build.0 = Debug|Any CPU
		{5395EF70-A796-4EE9-99AE-81F1DDC06EF7}.Release|Any CPU.ActiveCfg = Release|Any CPU
		{5395EF70-A796-4EE9-99AE-81F1DDC06EF7}.Release|Any CPU.Build.0 = Release|Any CPU
		{A0AA08DC-656F-4C17-BB6E-5E6D064398CB}.Debug|Any CPU.ActiveCfg = Debug|Any CPU
		{A0AA08DC-656F-4C17-BB6E-5E6D064398CB}.Debug|Any CPU.Build.0 = Debug|Any CPU
		{A0AA08DC-656F-4C17-BB6E-5E6D064398CB}.Release|Any CPU.ActiveCfg = Release|Any CPU
		{A0AA08DC-656F-4C17-BB6E-5E6D064398CB}.Release|Any CPU.Build.0 = Release|Any CPU
		{DAC6975A-3D90-448A-9E21-81FFAB4A7C96}.Debug|Any CPU.ActiveCfg = Debug|Any CPU
		{DAC6975A-3D90-448A-9E21-81FFAB4A7C96}.Debug|Any CPU.Build.0 = Debug|Any CPU
		{DAC6975A-3D90-448A-9E21-81FFAB4A7C96}.Release|Any CPU.ActiveCfg = Release|Any CPU
		{DAC6975A-3D90-448A-9E21-81FFAB4A7C96}.Release|Any CPU.Build.0 = Release|Any CPU
		{99E09CC2-013E-4465-A92F-F19A6945B0F5}.Debug|Any CPU.ActiveCfg = Debug|Any CPU
		{99E09CC2-013E-4465-A92F-F19A6945B0F5}.Debug|Any CPU.Build.0 = Debug|Any CPU
		{99E09CC2-013E-4465-A92F-F19A6945B0F5}.Release|Any CPU.ActiveCfg = Release|Any CPU
		{99E09CC2-013E-4465-A92F-F19A6945B0F5}.Release|Any CPU.Build.0 = Release|Any CPU
		{735350C4-B8E1-4F7F-97B3-8790FF24E8CC}.Debug|Any CPU.ActiveCfg = Debug|Any CPU
		{735350C4-B8E1-4F7F-97B3-8790FF24E8CC}.Debug|Any CPU.Build.0 = Debug|Any CPU
		{735350C4-B8E1-4F7F-97B3-8790FF24E8CC}.Release|Any CPU.ActiveCfg = Release|Any CPU
		{735350C4-B8E1-4F7F-97B3-8790FF24E8CC}.Release|Any CPU.Build.0 = Release|Any CPU
		{EEF3AAFE-FF91-4289-A119-617A70109CCA}.Debug|Any CPU.ActiveCfg = Debug|Any CPU
		{EEF3AAFE-FF91-4289-A119-617A70109CCA}.Debug|Any CPU.Build.0 = Debug|Any CPU
		{EEF3AAFE-FF91-4289-A119-617A70109CCA}.Release|Any CPU.ActiveCfg = Release|Any CPU
		{EEF3AAFE-FF91-4289-A119-617A70109CCA}.Release|Any CPU.Build.0 = Release|Any CPU
		{E53C0328-61F6-4EC3-B127-BB7462B8D747}.Debug|Any CPU.ActiveCfg = Debug|Any CPU
		{E53C0328-61F6-4EC3-B127-BB7462B8D747}.Debug|Any CPU.Build.0 = Debug|Any CPU
		{E53C0328-61F6-4EC3-B127-BB7462B8D747}.Release|Any CPU.ActiveCfg = Release|Any CPU
		{E53C0328-61F6-4EC3-B127-BB7462B8D747}.Release|Any CPU.Build.0 = Release|Any CPU
		{3E0DFE6B-E1C0-4501-8B55-2D72500D1731}.Debug|Any CPU.ActiveCfg = Debug|Any CPU
		{3E0DFE6B-E1C0-4501-8B55-2D72500D1731}.Debug|Any CPU.Build.0 = Debug|Any CPU
		{3E0DFE6B-E1C0-4501-8B55-2D72500D1731}.Release|Any CPU.ActiveCfg = Release|Any CPU
		{3E0DFE6B-E1C0-4501-8B55-2D72500D1731}.Release|Any CPU.Build.0 = Release|Any CPU
	EndGlobalSection
	GlobalSection(SolutionProperties) = preSolution
		HideSolutionNode = FALSE
	EndGlobalSection
	GlobalSection(NestedProjects) = preSolution
		{B15D3075-B4D7-44CA-9B5A-3905C6C27177} = {B73200FA-042A-458A-B0C5-F109643DF50A}
		{B5324B3E-653C-4DC1-A443-8688A422A6E1} = {B73200FA-042A-458A-B0C5-F109643DF50A}
		{056D0F2F-D4ED-4FFD-89ED-1DC0E4A82904} = {B73200FA-042A-458A-B0C5-F109643DF50A}
		{C2AA81E4-8FA3-4872-AC0C-258328CBAC12} = {B73200FA-042A-458A-B0C5-F109643DF50A}
		{A937CF49-BC92-4523-81E4-3E485984B0D1} = {B15D3075-B4D7-44CA-9B5A-3905C6C27177}
		{811E7D22-5B23-486D-AEA4-F16D99AC79B7} = {A937CF49-BC92-4523-81E4-3E485984B0D1}
		{584AD720-6C62-4187-BE01-6EEB1A0DA458} = {B5324B3E-653C-4DC1-A443-8688A422A6E1}
		{D90D4CF0-46E7-42BC-B690-E3EA7822F2F6} = {584AD720-6C62-4187-BE01-6EEB1A0DA458}
		{9B8F1105-C54B-4F3D-B2A5-F6FA1E54F2CE} = {584AD720-6C62-4187-BE01-6EEB1A0DA458}
		{249564F9-5329-4F63-8D6A-844B7CF3B093} = {584AD720-6C62-4187-BE01-6EEB1A0DA458}
		{C2BE7618-1208-41E8-8662-3FD42DDCFEF5} = {584AD720-6C62-4187-BE01-6EEB1A0DA458}
		{E306CA1F-63A9-473D-9A63-DD3A7D639370} = {056D0F2F-D4ED-4FFD-89ED-1DC0E4A82904}
		{8C97878E-7B50-4341-9D99-5CDB9641D114} = {E306CA1F-63A9-473D-9A63-DD3A7D639370}
		{F7AB02BE-1FCE-48FD-9B11-888CB7C2EEFD} = {056D0F2F-D4ED-4FFD-89ED-1DC0E4A82904}
		{538A219F-3804-4802-AB1F-D0B9ED3519EF} = {F7AB02BE-1FCE-48FD-9B11-888CB7C2EEFD}
		{BDDC39FF-FE52-4A2A-BD99-7C467660D12F} = {056D0F2F-D4ED-4FFD-89ED-1DC0E4A82904}
		{5395EF70-A796-4EE9-99AE-81F1DDC06EF7} = {BDDC39FF-FE52-4A2A-BD99-7C467660D12F}
		{DCF50A76-7B18-4660-9D56-86C995F86BB9} = {056D0F2F-D4ED-4FFD-89ED-1DC0E4A82904}
		{A0AA08DC-656F-4C17-BB6E-5E6D064398CB} = {DCF50A76-7B18-4660-9D56-86C995F86BB9}
		{9035E34D-C352-4ACD-9998-5CBCEE30BC80} = {056D0F2F-D4ED-4FFD-89ED-1DC0E4A82904}
		{DAC6975A-3D90-448A-9E21-81FFAB4A7C96} = {9035E34D-C352-4ACD-9998-5CBCEE30BC80}
		{99E09CC2-013E-4465-A92F-F19A6945B0F5} = {9035E34D-C352-4ACD-9998-5CBCEE30BC80}
		{735350C4-B8E1-4F7F-97B3-8790FF24E8CC} = {9035E34D-C352-4ACD-9998-5CBCEE30BC80}
		{EEF3AAFE-FF91-4289-A119-617A70109CCA} = {9035E34D-C352-4ACD-9998-5CBCEE30BC80}
		{09D8294F-14C9-436F-BD2C-FA7AC17EC60C} = {056D0F2F-D4ED-4FFD-89ED-1DC0E4A82904}
		{E53C0328-61F6-4EC3-B127-BB7462B8D747} = {09D8294F-14C9-436F-BD2C-FA7AC17EC60C}
		{4AB95A78-D155-449E-A58F-2082E4CED212} = {A3FDDF2D-E8DD-4243-AC3D-560CCD5F9B99}
		{3E0DFE6B-E1C0-4501-8B55-2D72500D1731} = {4AB95A78-D155-449E-A58F-2082E4CED212}
		{E8DA49CC-27C5-41F0-AA85-1983D6664AD1} = {E4F6BCEC-8992-452C-8F6E-84BEBF1832FC}
		{F56E1F76-A475-4C62-B703-EBBE013E90F4} = {E4F6BCEC-8992-452C-8F6E-84BEBF1832FC}
		{4986ADC5-8255-4A9E-835F-C1A2E6C70F29} = {E4F6BCEC-8992-452C-8F6E-84BEBF1832FC}
		{FFF500E5-0691-4F02-8867-D3097FEEB451} = {E4F6BCEC-8992-452C-8F6E-84BEBF1832FC}
		{85B5D880-1BEC-45EF-8048-2616134B1078} = {C2AA81E4-8FA3-4872-AC0C-258328CBAC12}
	EndGlobalSection
	GlobalSection(ExtensibilityGlobals) = postSolution
		SolutionGuid = {DD34AF88-D627-4EC2-97A5-D46640D25AA6}
	EndGlobalSection
EndGlobal
